
Microsoft Visual Studio Solution File, Format Version 12.00
# Visual Studio Version 16
VisualStudioVersion = 16.0.30011.22
MinimumVisualStudioVersion = 10.0.40219.1
Project("{9A19103F-16F7-4668-BE54-9A1E7A4F7556}") = "App2", "App2\App2.csproj", "{CB191AA0-51BC-4395-B2AE-39DB6C6B122E}"
EndProject
Project("{9A19103F-16F7-4668-BE54-9A1E7A4F7556}") = "App2.Data", "App2.Data\App2.Data.csproj", "{81DB7E6E-060C-4524-9296-1F19D55E0ECC}"
EndProject
Project("{9A19103F-16F7-4668-BE54-9A1E7A4F7556}") = "App2.Service", "App2.Service\App2.Service.csproj", "{7CE8B996-C0FC-4CC4-B561-2236D4E6FD2F}"
EndProject
Global
	GlobalSection(SolutionConfigurationPlatforms) = preSolution
		Debug|Any CPU = Debug|Any CPU
		Release|Any CPU = Release|Any CPU
	EndGlobalSection
	GlobalSection(ProjectConfigurationPlatforms) = postSolution
		{CB191AA0-51BC-4395-B2AE-39DB6C6B122E}.Debug|Any CPU.ActiveCfg = Debug|Any CPU
		{CB191AA0-51BC-4395-B2AE-39DB6C6B122E}.Debug|Any CPU.Build.0 = Debug|Any CPU
		{CB191AA0-51BC-4395-B2AE-39DB6C6B122E}.Release|Any CPU.ActiveCfg = Release|Any CPU
		{CB191AA0-51BC-4395-B2AE-39DB6C6B122E}.Release|Any CPU.Build.0 = Release|Any CPU
		{81DB7E6E-060C-4524-9296-1F19D55E0ECC}.Debug|Any CPU.ActiveCfg = Debug|Any CPU
		{81DB7E6E-060C-4524-9296-1F19D55E0ECC}.Debug|Any CPU.Build.0 = Debug|Any CPU
		{81DB7E6E-060C-4524-9296-1F19D55E0ECC}.Release|Any CPU.ActiveCfg = Release|Any CPU
		{81DB7E6E-060C-4524-9296-1F19D55E0ECC}.Release|Any CPU.Build.0 = Release|Any CPU
		{7CE8B996-C0FC-4CC4-B561-2236D4E6FD2F}.Debug|Any CPU.ActiveCfg = Debug|Any CPU
		{7CE8B996-C0FC-4CC4-B561-2236D4E6FD2F}.Debug|Any CPU.Build.0 = Debug|Any CPU
		{7CE8B996-C0FC-4CC4-B561-2236D4E6FD2F}.Release|Any CPU.ActiveCfg = Release|Any CPU
		{7CE8B996-C0FC-4CC4-B561-2236D4E6FD2F}.Release|Any CPU.Build.0 = Release|Any CPU
	EndGlobalSection
	GlobalSection(SolutionProperties) = preSolution
		HideSolutionNode = FALSE
	EndGlobalSection
	GlobalSection(ExtensibilityGlobals) = postSolution
		SolutionGuid = {0632121B-6ADC-4329-A4EC-55B00CB0055C}
	EndGlobalSection
EndGlobal
