
Microsoft Visual Studio Solution File, Format Version 12.00
# Visual Studio Version 16
VisualStudioVersion = 16.0.30011.22
MinimumVisualStudioVersion = 10.0.40219.1
Project("{2150E333-8FDC-42A3-9474-1A3956D46DE8}") = "tests", "tests", "{8438803C-A0E0-463A-A30C-798333F407D9}"
EndProject
Project("{9A19103F-16F7-4668-BE54-9A1E7A4F7556}") = "App5.Service.Tests", "tests\App5.Service.Tests\App5.Service.Tests.csproj", "{198F5F0F-1A94-4601-857C-923264C2CED3}"
EndProject
Project("{9A19103F-16F7-4668-BE54-9A1E7A4F7556}") = "App5.Api", "src\App5.Api\App5.Api.csproj", "{4AC80865-00D0-4B27-B41B-41194738C676}"
EndProject
Project("{9A19103F-16F7-4668-BE54-9A1E7A4F7556}") = "App5.Data", "src\App5.Data\App5.Data.csproj", "{62A57F2A-D717-4BF2-8635-09F3D8FA402A}"
EndProject
Project("{9A19103F-16F7-4668-BE54-9A1E7A4F7556}") = "App5.Service", "src\App5.Service\App5.Service.csproj", "{6115FA9A-2204-4676-B8F1-F6A2C8892F9F}"
EndProject
Project("{9A19103F-16F7-4668-BE54-9A1E7A4F7556}") = "App5.UI", "src\App5.UI\App5.UI.csproj", "{9142263E-DAF3-4C14-BC3C-9E5856BED624}"
EndProject
Global
	GlobalSection(SolutionConfigurationPlatforms) = preSolution
		Debug|Any CPU = Debug|Any CPU
		Release|Any CPU = Release|Any CPU
	EndGlobalSection
	GlobalSection(ProjectConfigurationPlatforms) = postSolution
		{198F5F0F-1A94-4601-857C-923264C2CED3}.Debug|Any CPU.ActiveCfg = Debug|Any CPU
		{198F5F0F-1A94-4601-857C-923264C2CED3}.Debug|Any CPU.Build.0 = Debug|Any CPU
		{198F5F0F-1A94-4601-857C-923264C2CED3}.Release|Any CPU.ActiveCfg = Release|Any CPU
		{198F5F0F-1A94-4601-857C-923264C2CED3}.Release|Any CPU.Build.0 = Release|Any CPU
		{4AC80865-00D0-4B27-B41B-41194738C676}.Debug|Any CPU.ActiveCfg = Debug|Any CPU
		{4AC80865-00D0-4B27-B41B-41194738C676}.Debug|Any CPU.Build.0 = Debug|Any CPU
		{4AC80865-00D0-4B27-B41B-41194738C676}.Release|Any CPU.ActiveCfg = Release|Any CPU
		{4AC80865-00D0-4B27-B41B-41194738C676}.Release|Any CPU.Build.0 = Release|Any CPU
		{62A57F2A-D717-4BF2-8635-09F3D8FA402A}.Debug|Any CPU.ActiveCfg = Debug|Any CPU
		{62A57F2A-D717-4BF2-8635-09F3D8FA402A}.Debug|Any CPU.Build.0 = Debug|Any CPU
		{62A57F2A-D717-4BF2-8635-09F3D8FA402A}.Release|Any CPU.ActiveCfg = Release|Any CPU
		{62A57F2A-D717-4BF2-8635-09F3D8FA402A}.Release|Any CPU.Build.0 = Release|Any CPU
		{6115FA9A-2204-4676-B8F1-F6A2C8892F9F}.Debug|Any CPU.ActiveCfg = Debug|Any CPU
		{6115FA9A-2204-4676-B8F1-F6A2C8892F9F}.Debug|Any CPU.Build.0 = Debug|Any CPU
		{6115FA9A-2204-4676-B8F1-F6A2C8892F9F}.Release|Any CPU.ActiveCfg = Release|Any CPU
		{6115FA9A-2204-4676-B8F1-F6A2C8892F9F}.Release|Any CPU.Build.0 = Release|Any CPU
		{9142263E-DAF3-4C14-BC3C-9E5856BED624}.Debug|Any CPU.ActiveCfg = Debug|Any CPU
		{9142263E-DAF3-4C14-BC3C-9E5856BED624}.Debug|Any CPU.Build.0 = Debug|Any CPU
		{9142263E-DAF3-4C14-BC3C-9E5856BED624}.Release|Any CPU.ActiveCfg = Release|Any CPU
		{9142263E-DAF3-4C14-BC3C-9E5856BED624}.Release|Any CPU.Build.0 = Release|Any CPU
	EndGlobalSection
	GlobalSection(SolutionProperties) = preSolution
		HideSolutionNode = FALSE
	EndGlobalSection
	GlobalSection(NestedProjects) = preSolution
		{198F5F0F-1A94-4601-857C-923264C2CED3} = {8438803C-A0E0-463A-A30C-798333F407D9}
	EndGlobalSection
	GlobalSection(ExtensibilityGlobals) = postSolution
		SolutionGuid = {2522D96F-49A0-47A1-A184-B5C0AF577480}
	EndGlobalSection
EndGlobal
